
Microsoft Visual Studio Solution File, Format Version 12.00
# Visual Studio 15
VisualStudioVersion = 15.0.28307.106
MinimumVisualStudioVersion = 10.0.40219.1
Project("{8BC9CEB8-8B4A-11D0-8D11-00A0C91BC942}") = "Sorting", "Sorting\Sorting.vcxproj", "{AA163967-7743-4BF7-90FD-FE9FFF9511DB}"
EndProject
Project("{8BC9CEB8-8B4A-11D0-8D11-00A0C91BC942}") = "DynamicArraysUnitTesting", "DynamicArraysUnitTesting\DynamicArraysUnitTesting.vcxproj", "{A93664B5-3981-4A54-8241-CA97D665F9D0}"
EndProject
Project("{8BC9CEB8-8B4A-11D0-8D11-00A0C91BC942}") = "LinkedLists", "LinkedLists\LinkedLists.vcxproj", "{35B00DAF-6C62-462E-9B87-EA89EB23E1FB}"
EndProject
Project("{8BC9CEB8-8B4A-11D0-8D11-00A0C91BC942}") = "TextBinaryFile", "TextBinaryFiles\CodeDesignDataqStructure.vcxproj", "{25890C94-7E38-4D30-B8C1-944B1A247B3C}"
EndProject
Project("{8BC9CEB8-8B4A-11D0-8D11-00A0C91BC942}") = "MergeSort", "MergeSort\MergeSort.vcxproj", "{27F1593C-9D97-402B-AA0D-4062DE00A32C}"
EndProject
Project("{8BC9CEB8-8B4A-11D0-8D11-00A0C91BC942}") = "Singletons", "Singletons\Singletons.vcxproj", "{E82CAFFA-AAD3-49C3-B284-8EE00E509D70}"
EndProject
Project("{8BC9CEB8-8B4A-11D0-8D11-00A0C91BC942}") = "ObjectPooling", "ObjectPooling\ObjectPooling.vcxproj", "{FA2932A2-7061-43D4-813E-0F072EF46962}"
EndProject
Project("{8BC9CEB8-8B4A-11D0-8D11-00A0C91BC942}") = "MeteorObjects", "raygame\raygame.vcxproj", "{100AB646-1529-43F3-B9D1-2C0A798642FF}"
EndProject
Project("{8BC9CEB8-8B4A-11D0-8D11-00A0C91BC942}") = "HashMaps", "HashMaps\HashMaps.vcxproj", "{1ECDE427-6B2F-45AC-B9EF-38B14B53B6E8}"
EndProject
Global
	GlobalSection(SolutionConfigurationPlatforms) = preSolution
		Debug|x64 = Debug|x64
		Debug|x86 = Debug|x86
		Release|x64 = Release|x64
		Release|x86 = Release|x86
	EndGlobalSection
	GlobalSection(ProjectConfigurationPlatforms) = postSolution
		{AA163967-7743-4BF7-90FD-FE9FFF9511DB}.Debug|x64.ActiveCfg = Debug|x64
		{AA163967-7743-4BF7-90FD-FE9FFF9511DB}.Debug|x64.Build.0 = Debug|x64
		{AA163967-7743-4BF7-90FD-FE9FFF9511DB}.Debug|x86.ActiveCfg = Debug|Win32
		{AA163967-7743-4BF7-90FD-FE9FFF9511DB}.Debug|x86.Build.0 = Debug|Win32
		{AA163967-7743-4BF7-90FD-FE9FFF9511DB}.Release|x64.ActiveCfg = Release|x64
		{AA163967-7743-4BF7-90FD-FE9FFF9511DB}.Release|x64.Build.0 = Release|x64
		{AA163967-7743-4BF7-90FD-FE9FFF9511DB}.Release|x86.ActiveCfg = Release|Win32
		{AA163967-7743-4BF7-90FD-FE9FFF9511DB}.Release|x86.Build.0 = Release|Win32
		{A93664B5-3981-4A54-8241-CA97D665F9D0}.Debug|x64.ActiveCfg = Debug|x64
		{A93664B5-3981-4A54-8241-CA97D665F9D0}.Debug|x64.Build.0 = Debug|x64
		{A93664B5-3981-4A54-8241-CA97D665F9D0}.Debug|x86.ActiveCfg = Debug|Win32
		{A93664B5-3981-4A54-8241-CA97D665F9D0}.Debug|x86.Build.0 = Debug|Win32
		{A93664B5-3981-4A54-8241-CA97D665F9D0}.Release|x64.ActiveCfg = Release|x64
		{A93664B5-3981-4A54-8241-CA97D665F9D0}.Release|x64.Build.0 = Release|x64
		{A93664B5-3981-4A54-8241-CA97D665F9D0}.Release|x86.ActiveCfg = Release|Win32
		{A93664B5-3981-4A54-8241-CA97D665F9D0}.Release|x86.Build.0 = Release|Win32
		{35B00DAF-6C62-462E-9B87-EA89EB23E1FB}.Debug|x64.ActiveCfg = Debug|x64
		{35B00DAF-6C62-462E-9B87-EA89EB23E1FB}.Debug|x64.Build.0 = Debug|x64
		{35B00DAF-6C62-462E-9B87-EA89EB23E1FB}.Debug|x86.ActiveCfg = Debug|Win32
		{35B00DAF-6C62-462E-9B87-EA89EB23E1FB}.Debug|x86.Build.0 = Debug|Win32
		{35B00DAF-6C62-462E-9B87-EA89EB23E1FB}.Release|x64.ActiveCfg = Release|x64
		{35B00DAF-6C62-462E-9B87-EA89EB23E1FB}.Release|x64.Build.0 = Release|x64
		{35B00DAF-6C62-462E-9B87-EA89EB23E1FB}.Release|x86.ActiveCfg = Release|Win32
		{35B00DAF-6C62-462E-9B87-EA89EB23E1FB}.Release|x86.Build.0 = Release|Win32
		{25890C94-7E38-4D30-B8C1-944B1A247B3C}.Debug|x64.ActiveCfg = Debug|x64
		{25890C94-7E38-4D30-B8C1-944B1A247B3C}.Debug|x64.Build.0 = Debug|x64
		{25890C94-7E38-4D30-B8C1-944B1A247B3C}.Debug|x86.ActiveCfg = Debug|Win32
		{25890C94-7E38-4D30-B8C1-944B1A247B3C}.Debug|x86.Build.0 = Debug|Win32
		{25890C94-7E38-4D30-B8C1-944B1A247B3C}.Release|x64.ActiveCfg = Release|x64
		{25890C94-7E38-4D30-B8C1-944B1A247B3C}.Release|x64.Build.0 = Release|x64
		{25890C94-7E38-4D30-B8C1-944B1A247B3C}.Release|x86.ActiveCfg = Release|Win32
		{25890C94-7E38-4D30-B8C1-944B1A247B3C}.Release|x86.Build.0 = Release|Win32
		{27F1593C-9D97-402B-AA0D-4062DE00A32C}.Debug|x64.ActiveCfg = Debug|x64
		{27F1593C-9D97-402B-AA0D-4062DE00A32C}.Debug|x64.Build.0 = Debug|x64
		{27F1593C-9D97-402B-AA0D-4062DE00A32C}.Debug|x86.ActiveCfg = Debug|Win32
		{27F1593C-9D97-402B-AA0D-4062DE00A32C}.Debug|x86.Build.0 = Debug|Win32
		{27F1593C-9D97-402B-AA0D-4062DE00A32C}.Release|x64.ActiveCfg = Release|x64
		{27F1593C-9D97-402B-AA0D-4062DE00A32C}.Release|x64.Build.0 = Release|x64
		{27F1593C-9D97-402B-AA0D-4062DE00A32C}.Release|x86.ActiveCfg = Release|Win32
		{27F1593C-9D97-402B-AA0D-4062DE00A32C}.Release|x86.Build.0 = Release|Win32
		{E82CAFFA-AAD3-49C3-B284-8EE00E509D70}.Debug|x64.ActiveCfg = Debug|x64
		{E82CAFFA-AAD3-49C3-B284-8EE00E509D70}.Debug|x64.Build.0 = Debug|x64
		{E82CAFFA-AAD3-49C3-B284-8EE00E509D70}.Debug|x86.ActiveCfg = Debug|Win32
		{E82CAFFA-AAD3-49C3-B284-8EE00E509D70}.Debug|x86.Build.0 = Debug|Win32
		{E82CAFFA-AAD3-49C3-B284-8EE00E509D70}.Release|x64.ActiveCfg = Release|x64
		{E82CAFFA-AAD3-49C3-B284-8EE00E509D70}.Release|x64.Build.0 = Release|x64
		{E82CAFFA-AAD3-49C3-B284-8EE00E509D70}.Release|x86.ActiveCfg = Release|Win32
		{E82CAFFA-AAD3-49C3-B284-8EE00E509D70}.Release|x86.Build.0 = Release|Win32
		{FA2932A2-7061-43D4-813E-0F072EF46962}.Debug|x64.ActiveCfg = Debug|x64
		{FA2932A2-7061-43D4-813E-0F072EF46962}.Debug|x64.Build.0 = Debug|x64
		{FA2932A2-7061-43D4-813E-0F072EF46962}.Debug|x86.ActiveCfg = Debug|Win32
		{FA2932A2-7061-43D4-813E-0F072EF46962}.Debug|x86.Build.0 = Debug|Win32
		{FA2932A2-7061-43D4-813E-0F072EF46962}.Release|x64.ActiveCfg = Release|x64
		{FA2932A2-7061-43D4-813E-0F072EF46962}.Release|x64.Build.0 = Release|x64
		{FA2932A2-7061-43D4-813E-0F072EF46962}.Release|x86.ActiveCfg = Release|Win32
		{FA2932A2-7061-43D4-813E-0F072EF46962}.Release|x86.Build.0 = Release|Win32
		{100AB646-1529-43F3-B9D1-2C0A798642FF}.Debug|x64.ActiveCfg = Debug|x64
		{100AB646-1529-43F3-B9D1-2C0A798642FF}.Debug|x64.Build.0 = Debug|x64
		{100AB646-1529-43F3-B9D1-2C0A798642FF}.Debug|x86.ActiveCfg = Debug|Win32
		{100AB646-1529-43F3-B9D1-2C0A798642FF}.Debug|x86.Build.0 = Debug|Win32
		{100AB646-1529-43F3-B9D1-2C0A798642FF}.Release|x64.ActiveCfg = Release|x64
		{100AB646-1529-43F3-B9D1-2C0A798642FF}.Release|x64.Build.0 = Release|x64
		{100AB646-1529-43F3-B9D1-2C0A798642FF}.Release|x86.ActiveCfg = Release|Win32
		{100AB646-1529-43F3-B9D1-2C0A798642FF}.Release|x86.Build.0 = Release|Win32
		{1ECDE427-6B2F-45AC-B9EF-38B14B53B6E8}.Debug|x64.ActiveCfg = Debug|x64
		{1ECDE427-6B2F-45AC-B9EF-38B14B53B6E8}.Debug|x64.Build.0 = Debug|x64
		{1ECDE427-6B2F-45AC-B9EF-38B14B53B6E8}.Debug|x86.ActiveCfg = Debug|Win32
		{1ECDE427-6B2F-45AC-B9EF-38B14B53B6E8}.Debug|x86.Build.0 = Debug|Win32
		{1ECDE427-6B2F-45AC-B9EF-38B14B53B6E8}.Release|x64.ActiveCfg = Release|x64
		{1ECDE427-6B2F-45AC-B9EF-38B14B53B6E8}.Release|x64.Build.0 = Release|x64
		{1ECDE427-6B2F-45AC-B9EF-38B14B53B6E8}.Release|x86.ActiveCfg = Release|Win32
		{1ECDE427-6B2F-45AC-B9EF-38B14B53B6E8}.Release|x86.Build.0 = Release|Win32
	EndGlobalSection
	GlobalSection(SolutionProperties) = preSolution
		HideSolutionNode = FALSE
	EndGlobalSection
	GlobalSection(ExtensibilityGlobals) = postSolution
		SolutionGuid = {FEBDBD45-B2D3-41EB-A5C8-FA1AB02CBF22}
	EndGlobalSection
EndGlobal
